<?xml version="1.0" encoding="utf-8"?>
<Project ToolsVersion="4.0" xmlns="http://schemas.microsoft.com/developer/msbuild/2003">
  <ItemGroup>
    <Filter Include="Source Files">
      <UniqueIdentifier>{4FC737F1-C7A5-4376-A066-2A32D752A2FF}</UniqueIdentifier>
      <Extensions>cpp;c;cc;cxx;def;odl;idl;hpj;bat;asm;asmx</Extensions>
    </Filter>
    <Filter Include="Header Files">
      <UniqueIdentifier>{93995380-89BD-4b04-88EB-625FBE52EBFB}</UniqueIdentifier>
      <Extensions>h;hh;hpp;hxx;hm;inl;inc;ipp;xsd</Extensions>
    </Filter>
    <Filter Include="Resource Files">
      <UniqueIdentifier>{67DA6AB6-F800-4c08-8B7A-83BB121AAD01}</UniqueIdentifier>
      <Extensions>rc;ico;cur;bmp;dlg;rc2;rct;bin;rgs;gif;jpg;jpeg;jpe;resx;tiff;tif;png;wav;mfcribbon-ms</Extensions>
    </Filter>
    <Filter Include="Header Files\State Files">
      <UniqueIdentifier>{7dff2eb7-6d5c-4cac-b997-7f722ea7b9f9}</UniqueIdentifier>
    </Filter>
    <Filter Include="Source Files\StateFiles">
      <UniqueIdentifier>{bf16b444-3baa-4ad0-84ee-1c2c8d0a0081}</UniqueIdentifier>
    </Filter>
    <Filter Include="Header Files\ECS">
      <UniqueIdentifier>{1229f931-20c5-4f48-b7b5-32108af52b4f}</UniqueIdentifier>
    </Filter>
    <Filter Include="Header Files\ECS\Entities">
      <UniqueIdentifier>{85512c7c-402f-459a-acc7-4407545903b3}</UniqueIdentifier>
    </Filter>
    <Filter Include="Header Files\ECS\Component">
      <UniqueIdentifier>{4b32ea7f-2d77-47c5-b655-5be1bb32c49d}</UniqueIdentifier>
    </Filter>
    <Filter Include="Source Files\ECS">
      <UniqueIdentifier>{6e43fedd-4846-442a-84ba-01439bf8a65c}</UniqueIdentifier>
    </Filter>
    <Filter Include="Header Files\ECS\System">
      <UniqueIdentifier>{9368b4a5-d65e-4a67-b834-ebc5e026c338}</UniqueIdentifier>
    </Filter>
    <Filter Include="Source Files\ECS\System">
      <UniqueIdentifier>{fa444501-ea2b-476e-af7b-b5b7e448739b}</UniqueIdentifier>
    </Filter>
    <Filter Include="Source Files\ECS\Entities">
      <UniqueIdentifier>{5d6970f7-ba00-4c4d-a064-1e1217ee4641}</UniqueIdentifier>
    </Filter>
    <Filter Include="Header Files\Messaging">
      <UniqueIdentifier>{a33e2fd0-2374-4291-890b-efe89dfce999}</UniqueIdentifier>
    </Filter>
    <Filter Include="Source Files\ECS\Component">
      <UniqueIdentifier>{25cc7b0e-36c3-4ed8-b3b3-e1bd139aff73}</UniqueIdentifier>
    </Filter>
    <Filter Include="Source Files\GUI">
      <UniqueIdentifier>{eda50506-2fff-40c4-bedb-ba793f46b7dd}</UniqueIdentifier>
    </Filter>
    <Filter Include="Header Files\GUI">
      <UniqueIdentifier>{72380f77-2338-43d5-b19b-c320f92e51eb}</UniqueIdentifier>
    </Filter>
    <Filter Include="Header Files\Textures">
      <UniqueIdentifier>{9a9a84b8-aa69-4641-8d0b-33729a8f0f6a}</UniqueIdentifier>
    </Filter>
    <Filter Include="Source Files\Textures">
      <UniqueIdentifier>{371e9b57-62d4-404a-8536-9a688a5c841a}</UniqueIdentifier>
    </Filter>
  </ItemGroup>
  <ItemGroup>
    <ClCompile Include="main.cpp">
      <Filter>Source Files</Filter>
    </ClCompile>
    <ClCompile Include="Game.cpp">
      <Filter>Source Files</Filter>
    </ClCompile>
    <ClCompile Include="Window.cpp">
      <Filter>Source Files</Filter>
    </ClCompile>
    <ClCompile Include="EventManager.cpp">
      <Filter>Source Files</Filter>
    </ClCompile>
    <ClCompile Include="State_Intro.cpp">
      <Filter>Source Files\StateFiles</Filter>
    </ClCompile>
    <ClCompile Include="State_MainMenu.cpp">
      <Filter>Source Files\StateFiles</Filter>
    </ClCompile>
    <ClCompile Include="State_Game.cpp">
      <Filter>Source Files\StateFiles</Filter>
    </ClCompile>
    <ClCompile Include="State_Paused.cpp">
      <Filter>Source Files\StateFiles</Filter>
    </ClCompile>
    <ClCompile Include="Map.cpp">
      <Filter>Source Files</Filter>
    </ClCompile>
    <ClCompile Include="S_Base.cpp">
      <Filter>Source Files\ECS\System</Filter>
    </ClCompile>
    <ClCompile Include="Message.h">
      <Filter>Header Files\Messaging</Filter>
    </ClCompile>
    <ClCompile Include="S_Renderer.cpp">
      <Filter>Source Files\ECS\System</Filter>
    </ClCompile>
    <ClCompile Include="S_State.cpp">
      <Filter>Source Files\StateFiles</Filter>
    </ClCompile>
    <ClCompile Include="S_Movement.cpp">
      <Filter>Source Files\ECS\System</Filter>
    </ClCompile>
    <ClCompile Include="StateManager.cpp">
      <Filter>Source Files\StateFiles</Filter>
    </ClCompile>
    <ClCompile Include="S_SheetAnimation.cpp">
      <Filter>Source Files\ECS\System</Filter>
    </ClCompile>
    <ClCompile Include="S_Control.cpp">
      <Filter>Source Files\ECS\System</Filter>
    </ClCompile>
    <ClCompile Include="S_Collision.cpp">
      <Filter>Source Files\ECS\System</Filter>
    </ClCompile>
    <ClCompile Include="GUI_Element.cpp">
      <Filter>Source Files\GUI</Filter>
    </ClCompile>
    <ClCompile Include="GUI_Interface.cpp">
      <Filter>Source Files\GUI</Filter>
    </ClCompile>
    <ClCompile Include="GUI_Manager.cpp">
      <Filter>Source Files\GUI</Filter>
    </ClCompile>
    <ClCompile Include="GUI_Label.cpp">
      <Filter>Source Files\GUI</Filter>
    </ClCompile>
    <ClCompile Include="GUI_Textfield.cpp">
      <Filter>Source Files\GUI</Filter>
    </ClCompile>
    <ClCompile Include="GUI_Scrollbar.cpp">
      <Filter>Source Files\GUI</Filter>
    </ClCompile>
    <ClCompile Include="System_Manager.cpp">
      <Filter>Source Files\ECS\System</Filter>
    </ClCompile>
    <ClCompile Include="Entity_Manager.cpp">
      <Filter>Source Files\ECS\Entities</Filter>
    </ClCompile>
    <ClCompile Include="Anim_Directional.cpp">
      <Filter>Source Files\Textures</Filter>
    </ClCompile>
    <ClCompile Include="Anim_Base.cpp">
      <Filter>Source Files\Textures</Filter>
    </ClCompile>
    <ClCompile Include="SpriteSheet.cpp">
      <Filter>Source Files\Textures</Filter>
    </ClCompile>
    <ClCompile Include="State_GameOver.cpp">
      <Filter>Source Files\StateFiles</Filter>
    </ClCompile>
  </ItemGroup>
  <ItemGroup>
    <ClInclude Include="Game.h">
      <Filter>Header Files</Filter>
    </ClInclude>
    <ClInclude Include="Window.h">
      <Filter>Header Files</Filter>
    </ClInclude>
    <ClInclude Include="EventManager.h">
      <Filter>Header Files</Filter>
    </ClInclude>
    <ClInclude Include="SharedContext.h">
      <Filter>Header Files</Filter>
    </ClInclude>
    <ClInclude Include="State_Intro.h">
      <Filter>Header Files\State Files</Filter>
    </ClInclude>
    <ClInclude Include="State_MainMenu.h">
      <Filter>Header Files\State Files</Filter>
    </ClInclude>
    <ClInclude Include="State_Game.h">
      <Filter>Header Files\State Files</Filter>
    </ClInclude>
    <ClInclude Include="State_Paused.h">
      <Filter>Header Files\State Files</Filter>
    </ClInclude>
    <ClInclude Include="BaseState.h">
      <Filter>Header Files\State Files</Filter>
    </ClInclude>
    <ClInclude Include="Utilities.h">
      <Filter>Header Files</Filter>
    </ClInclude>
    <ClInclude Include="Directions.h">
      <Filter>Header Files</Filter>
    </ClInclude>
    <ClInclude Include="Map.h">
      <Filter>Header Files</Filter>
    </ClInclude>
    <ClInclude Include="DebugOverlay.h">
      <Filter>Header Files</Filter>
    </ClInclude>
    <ClInclude Include="C_Base.h">
      <Filter>Header Files\ECS\Component</Filter>
    </ClInclude>
    <ClInclude Include="ECS_Types.h">
      <Filter>Header Files\ECS</Filter>
    </ClInclude>
    <ClInclude Include="C_Position.h">
      <Filter>Header Files\ECS\Component</Filter>
    </ClInclude>
    <ClInclude Include="EntityEvents.h">
      <Filter>Header Files\ECS\Entities</Filter>
    </ClInclude>
    <ClInclude Include="S_Base.h">
      <Filter>Header Files\ECS\System</Filter>
    </ClInclude>
    <ClInclude Include="MessageHandler.h">
      <Filter>Header Files\Messaging</Filter>
    </ClInclude>
    <ClInclude Include="Observer.h">
      <Filter>Header Files\Messaging</Filter>
    </ClInclude>
    <ClInclude Include="Communicator.h">
      <Filter>Header Files\Messaging</Filter>
    </ClInclude>
    <ClInclude Include="EntityMessages.h">
      <Filter>Header Files\Messaging</Filter>
    </ClInclude>
    <ClInclude Include="C_Drawable.h">
      <Filter>Header Files\ECS\Component</Filter>
    </ClInclude>
    <ClInclude Include="C_SpriteSheet.h">
      <Filter>Header Files\ECS\Component</Filter>
    </ClInclude>
    <ClInclude Include="S_Renderer.h">
      <Filter>Header Files\ECS\System</Filter>
    </ClInclude>
    <ClInclude Include="S_State.h">
      <Filter>Header Files\State Files</Filter>
    </ClInclude>
    <ClInclude Include="C_State.h">
      <Filter>Header Files\ECS\Component</Filter>
    </ClInclude>
    <ClInclude Include="C_Movable.h">
      <Filter>Header Files\ECS\Component</Filter>
    </ClInclude>
    <ClInclude Include="S_Movement.h">
      <Filter>Header Files\ECS\System</Filter>
    </ClInclude>
    <ClInclude Include="StateManager.h">
      <Filter>Header Files\State Files</Filter>
    </ClInclude>
    <ClInclude Include="C_Controller.h">
      <Filter>Header Files\ECS\Component</Filter>
    </ClInclude>
    <ClInclude Include="S_Control.h">
      <Filter>Header Files\ECS\System</Filter>
    </ClInclude>
    <ClInclude Include="S_SheetAnimation.h">
      <Filter>Header Files\ECS\System</Filter>
    </ClInclude>
    <ClInclude Include="C_Collidable.h">
      <Filter>Header Files\ECS\Component</Filter>
    </ClInclude>
    <ClInclude Include="S_Collision.h">
      <Filter>Header Files\ECS\System</Filter>
    </ClInclude>
    <ClInclude Include="State_GameOver.h">
      <Filter>Header Files\State Files</Filter>
    </ClInclude>
    <ClInclude Include="GUI_Style.h">
      <Filter>Header Files\GUI</Filter>
    </ClInclude>
    <ClInclude Include="FontManager.h">
      <Filter>Header Files\GUI</Filter>
    </ClInclude>
    <ClInclude Include="GUI_Element.h">
      <Filter>Header Files\GUI</Filter>
    </ClInclude>
    <ClInclude Include="GUI_Event.h">
      <Filter>Header Files\GUI</Filter>
    </ClInclude>
    <ClInclude Include="GUI_Interface.h">
      <Filter>Header Files\GUI</Filter>
    </ClInclude>
    <ClInclude Include="GUI_Manager.h">
      <Filter>Header Files\GUI</Filter>
    </ClInclude>
    <ClInclude Include="GUI_Label.h">
      <Filter>Header Files\GUI</Filter>
    </ClInclude>
    <ClInclude Include="GUI_Textfield.h">
      <Filter>Header Files\GUI</Filter>
    </ClInclude>
    <ClInclude Include="GUI_Scrollbar.h">
      <Filter>Header Files\GUI</Filter>
    </ClInclude>
    <ClInclude Include="System_Manager.h">
      <Filter>Header Files\ECS\System</Filter>
    </ClInclude>
    <ClInclude Include="Entity_Manager.h">
      <Filter>Header Files\ECS\Entities</Filter>
    </ClInclude>
    <ClInclude Include="Event_Queue.h">
      <Filter>Header Files\ECS\Entities</Filter>
    </ClInclude>
    <ClInclude Include="Anim_Base.h">
      <Filter>Header Files\Textures</Filter>
    </ClInclude>
    <ClInclude Include="Anim_Directional.h">
      <Filter>Header Files\Textures</Filter>
    </ClInclude>
    <ClInclude Include="Bitmask.h">
      <Filter>Header Files\Textures</Filter>
    </ClInclude>
    <ClInclude Include="SpriteSheet.h">
      <Filter>Header Files\Textures</Filter>
    </ClInclude>
    <ClInclude Include="TextureManager.h">
      <Filter>Header Files\Textures</Filter>
    </ClInclude>
    <ClInclude Include="ResourceManager.h">
      <Filter>Header Files</Filter>
    </ClInclude>
  </ItemGroup>
  <ItemGroup>
    <ResourceCompile Include="BugGame.rc">
      <Filter>Resource Files</Filter>
    </ResourceCompile>
  </ItemGroup>
</Project>